
Microsoft Visual Studio Solution File, Format Version 12.00
# Visual Studio Version 17
VisualStudioVersion = 17.5.002.0
MinimumVisualStudioVersion = 10.0.40219.1
Project("{9A19103F-16F7-4668-BE54-9A1E7A4F7556}") = "day1", "Day1\day1.csproj", "{CE62F66A-2FE4-4CA6-8F9C-5EBA91351223}"
EndProject
Project("{FAE04EC0-301F-11D3-BF4B-00C04F79EFBC}") = "Day2", "Day2\Day2.csproj", "{EBFFBCC2-0EAC-41C9-AF21-F1B4F4218B97}"
EndProject
Project("{FAE04EC0-301F-11D3-BF4B-00C04F79EFBC}") = "Day3", "Day3\Day3.csproj", "{B0ABF406-82E2-4A10-9F2C-E1048515CE47}"
EndProject
Project("{FAE04EC0-301F-11D3-BF4B-00C04F79EFBC}") = "Day4", "Day4\Day4.csproj", "{708E9468-CC18-4DE8-86FC-30AC8DDCDEED}"
EndProject
Global
	GlobalSection(SolutionConfigurationPlatforms) = preSolution
		Debug|Any CPU = Debug|Any CPU
		Release|Any CPU = Release|Any CPU
	EndGlobalSection
	GlobalSection(ProjectConfigurationPlatforms) = postSolution
		{CE62F66A-2FE4-4CA6-8F9C-5EBA91351223}.Debug|Any CPU.ActiveCfg = Debug|Any CPU
		{CE62F66A-2FE4-4CA6-8F9C-5EBA91351223}.Debug|Any CPU.Build.0 = Debug|Any CPU
		{CE62F66A-2FE4-4CA6-8F9C-5EBA91351223}.Release|Any CPU.ActiveCfg = Release|Any CPU
		{CE62F66A-2FE4-4CA6-8F9C-5EBA91351223}.Release|Any CPU.Build.0 = Release|Any CPU
		{EBFFBCC2-0EAC-41C9-AF21-F1B4F4218B97}.Debug|Any CPU.ActiveCfg = Debug|Any CPU
		{EBFFBCC2-0EAC-41C9-AF21-F1B4F4218B97}.Debug|Any CPU.Build.0 = Debug|Any CPU
		{EBFFBCC2-0EAC-41C9-AF21-F1B4F4218B97}.Release|Any CPU.ActiveCfg = Release|Any CPU
		{EBFFBCC2-0EAC-41C9-AF21-F1B4F4218B97}.Release|Any CPU.Build.0 = Release|Any CPU
		{B0ABF406-82E2-4A10-9F2C-E1048515CE47}.Debug|Any CPU.ActiveCfg = Debug|Any CPU
		{B0ABF406-82E2-4A10-9F2C-E1048515CE47}.Debug|Any CPU.Build.0 = Debug|Any CPU
		{B0ABF406-82E2-4A10-9F2C-E1048515CE47}.Release|Any CPU.ActiveCfg = Release|Any CPU
		{B0ABF406-82E2-4A10-9F2C-E1048515CE47}.Release|Any CPU.Build.0 = Release|Any CPU
		{708E9468-CC18-4DE8-86FC-30AC8DDCDEED}.Debug|Any CPU.ActiveCfg = Debug|Any CPU
		{708E9468-CC18-4DE8-86FC-30AC8DDCDEED}.Debug|Any CPU.Build.0 = Debug|Any CPU
		{708E9468-CC18-4DE8-86FC-30AC8DDCDEED}.Release|Any CPU.ActiveCfg = Release|Any CPU
		{708E9468-CC18-4DE8-86FC-30AC8DDCDEED}.Release|Any CPU.Build.0 = Release|Any CPU
	EndGlobalSection
	GlobalSection(SolutionProperties) = preSolution
		HideSolutionNode = FALSE
	EndGlobalSection
	GlobalSection(ExtensibilityGlobals) = postSolution
		SolutionGuid = {783A6801-C2D4-4EE9-B0D4-1885378E654B}
	EndGlobalSection
EndGlobal
